
Microsoft Visual Studio Solution File, Format Version 12.00
Project("{FAE04EC0-301F-11D3-BF4B-00C04F79EFBC}") = "chatApp", "chatApp\chatApp.csproj", "{467B21BA-E5CD-4D60-B166-01DD5DD5F6E2}"
EndProject
Global
	GlobalSection(SolutionConfigurationPlatforms) = preSolution
		Debug|Any CPU = Debug|Any CPU
		Release|Any CPU = Release|Any CPU
	EndGlobalSection
	GlobalSection(ProjectConfigurationPlatforms) = postSolution
		{467B21BA-E5CD-4D60-B166-01DD5DD5F6E2}.Debug|Any CPU.ActiveCfg = Debug|Any CPU
		{467B21BA-E5CD-4D60-B166-01DD5DD5F6E2}.Debug|Any CPU.Build.0 = Debug|Any CPU
		{467B21BA-E5CD-4D60-B166-01DD5DD5F6E2}.Release|Any CPU.ActiveCfg = Release|Any CPU
		{467B21BA-E5CD-4D60-B166-01DD5DD5F6E2}.Release|Any CPU.Build.0 = Release|Any CPU
	EndGlobalSection
EndGlobal
